
Microsoft Visual Studio Solution File, Format Version 12.00
# Visual Studio Version 17
VisualStudioVersion = 17.5.33424.131
MinimumVisualStudioVersion = 10.0.40219.1
Project("{FAE04EC0-301F-11D3-BF4B-00C04F79EFBC}") = "Visitor", "Visitor\Visitor.csproj", "{3EF203DE-A831-44C3-91B9-1DCE2481A4D5}"
EndProject
Project("{FAE04EC0-301F-11D3-BF4B-00C04F79EFBC}") = "Visitor.UnitTests", "Visitor.UnitTests\Visitor.UnitTests.csproj", "{F7CCD8CE-6E75-4937-9DB2-669751C499BD}"
EndProject
Global
	GlobalSection(SolutionConfigurationPlatforms) = preSolution
		Debug|Any CPU = Debug|Any CPU
		Release|Any CPU = Release|Any CPU
	EndGlobalSection
	GlobalSection(ProjectConfigurationPlatforms) = postSolution
		{3EF203DE-A831-44C3-91B9-1DCE2481A4D5}.Debug|Any CPU.ActiveCfg = Debug|Any CPU
		{3EF203DE-A831-44C3-91B9-1DCE2481A4D5}.Debug|Any CPU.Build.0 = Debug|Any CPU
		{3EF203DE-A831-44C3-91B9-1DCE2481A4D5}.Release|Any CPU.ActiveCfg = Release|Any CPU
		{3EF203DE-A831-44C3-91B9-1DCE2481A4D5}.Release|Any CPU.Build.0 = Release|Any CPU
		{F7CCD8CE-6E75-4937-9DB2-669751C499BD}.Debug|Any CPU.ActiveCfg = Debug|Any CPU
		{F7CCD8CE-6E75-4937-9DB2-669751C499BD}.Debug|Any CPU.Build.0 = Debug|Any CPU
		{F7CCD8CE-6E75-4937-9DB2-669751C499BD}.Release|Any CPU.ActiveCfg = Release|Any CPU
		{F7CCD8CE-6E75-4937-9DB2-669751C499BD}.Release|Any CPU.Build.0 = Release|Any CPU
	EndGlobalSection
	GlobalSection(SolutionProperties) = preSolution
		HideSolutionNode = FALSE
	EndGlobalSection
	GlobalSection(ExtensibilityGlobals) = postSolution
		SolutionGuid = {E3291FDE-2767-431E-B57A-6F7877079565}
	EndGlobalSection
EndGlobal
