
Microsoft Visual Studio Solution File, Format Version 12.00
# Visual Studio Version 17
VisualStudioVersion = 17.5.33530.505
MinimumVisualStudioVersion = 10.0.40219.1
Project("{FAE04EC0-301F-11D3-BF4B-00C04F79EFBC}") = "ConsoleApp1", "ConsoleApp1\ConsoleApp1.csproj", "{1A6EEA38-D3AF-44BE-A3B1-76466899AE67}"
EndProject
Global
	GlobalSection(SolutionConfigurationPlatforms) = preSolution
		Debug|Any CPU = Debug|Any CPU
		Release|Any CPU = Release|Any CPU
	EndGlobalSection
	GlobalSection(ProjectConfigurationPlatforms) = postSolution
		{1A6EEA38-D3AF-44BE-A3B1-76466899AE67}.Debug|Any CPU.ActiveCfg = Debug|Any CPU
		{1A6EEA38-D3AF-44BE-A3B1-76466899AE67}.Debug|Any CPU.Build.0 = Debug|Any CPU
		{1A6EEA38-D3AF-44BE-A3B1-76466899AE67}.Release|Any CPU.ActiveCfg = Release|Any CPU
		{1A6EEA38-D3AF-44BE-A3B1-76466899AE67}.Release|Any CPU.Build.0 = Release|Any CPU
	EndGlobalSection
	GlobalSection(SolutionProperties) = preSolution
		HideSolutionNode = FALSE
	EndGlobalSection
	GlobalSection(ExtensibilityGlobals) = postSolution
		SolutionGuid = {49FA604B-EB1B-462A-A49A-ABB3790374B1}
	EndGlobalSection
EndGlobal
